Microsoft Visual Studio Solution File, Format Version 12.00
# Visual Studio Version 17
VisualStudioVersion = 17.0.31903.59
MinimumVisualStudioVersion = 10.0.40219.1
Project("{2150E333-8FDC-42A3-9474-1A3956D46DE8}") = "Solution Items", "Solution Items", "{68BA6C05-8B8C-460A-9073-55CE9B17884C}"
	ProjectSection(SolutionItems) = preProject
		compose.yaml = compose.yaml
		README.md = README.md
	EndProjectSection
EndProject
Project("{FAE04EC0-301F-11D3-BF4B-00C04F79EFBC}") = "AspNet.Common", "AspNet.Common\AspNet.Common.csproj", "{111B8B1C-4F40-4D8D-9D85-E42D332F44BB}"
EndProject
Project("{FAE04EC0-301F-11D3-BF4B-00C04F79EFBC}") = "Ems.Common", "Ems.Common\Ems.Common.csproj", "{83088FC5-0737-44F2-BF4B-294E175A1B49}"
EndProject
Project("{FAE04EC0-301F-11D3-BF4B-00C04F79EFBC}") = "DatabaseService", "DatabaseService\DatabaseService.csproj", "{F99AB595-E76A-45BF-B7AC-D825DC36CAA3}"
EndProject
Project("{2150E333-8FDC-42A3-9474-1A3956D46DE8}") = "EventService", "EventService", "{35B05629-FE2A-4962-A1AC-B8C863E50C82}"
EndProject
Project("{FAE04EC0-301F-11D3-BF4B-00C04F79EFBC}") = "EventService.Api", "EventService\EventService.Api\EventService.Api.csproj", "{45CA1A57-8BAF-4E63-BA17-04ECF2DB44FE}"
EndProject
Project("{FAE04EC0-301F-11D3-BF4B-00C04F79EFBC}") = "EventService.Data", "EventService\EventService.Data\EventService.Data.csproj", "{F10D294F-E4E1-495C-A87A-F38CE4C3CB0E}"
EndProject
Project("{2150E333-8FDC-42A3-9474-1A3956D46DE8}") = "BookingService", "BookingService", "{373E20A2-713F-382D-A1E8-5C956ABCE3C1}"
EndProject
Project("{FAE04EC0-301F-11D3-BF4B-00C04F79EFBC}") = "BookingService.Api", "BookingService\BookingService.Api\BookingService.Api.csproj", "{86751CEF-BA23-4A97-85B9-C4FA6A7152F7}"
EndProject
Project("{FAE04EC0-301F-11D3-BF4B-00C04F79EFBC}") = "BookingService.Data", "BookingService\BookingService.Data\BookingService.Data.csproj", "{BD104F5E-6A08-42B6-B29C-6029467AA00E}"
EndProject
Project("{2150E333-8FDC-42A3-9474-1A3956D46DE8}") = "unit-tests", "unit-tests", "{A1B2C3D4-E5F6-7890-ABCD-EF1234567890}"
EndProject
Project("{FAE04EC0-301F-11D3-BF4B-00C04F79EFBC}") = "TestUtilities", "unit-tests\TestUtilities\TestUtilities.csproj", "{5E046B42-1529-4C9B-87C1-6488C548E2DC}"
EndProject
Project("{FAE04EC0-301F-11D3-BF4B-00C04F79EFBC}") = "DatabaseService.Tests", "unit-tests\DatabaseService.Tests\DatabaseService.Tests.csproj", "{23C04FB1-FA91-4D60-B99E-2A990876F696}"
EndProject
Project("{FAE04EC0-301F-11D3-BF4B-00C04F79EFBC}") = "EventService.Tests", "unit-tests\EventService.Tests\EventService.Tests.csproj", "{B2C3D4E5-F6A7-8901-BCDE-F12345678901}"
EndProject
Project("{FAE04EC0-301F-11D3-BF4B-00C04F79EFBC}") = "BookingService.Tests", "unit-tests\BookingService.Tests\BookingService.Tests.csproj", "{37EDE732-4D91-4256-B10D-FD89C45F51BC}"
EndProject
Global
	GlobalSection(SolutionConfigurationPlatforms) = preSolution
		Debug|Any CPU = Debug|Any CPU
		Debug|x64 = Debug|x64
		Debug|x86 = Debug|x86
		Release|Any CPU = Release|Any CPU
		Release|x64 = Release|x64
		Release|x86 = Release|x86
	EndGlobalSection
	GlobalSection(ProjectConfigurationPlatforms) = postSolution
		{111B8B1C-4F40-4D8D-9D85-E42D332F44BB}.Debug|Any CPU.ActiveCfg = Debug|Any CPU
		{111B8B1C-4F40-4D8D-9D85-E42D332F44BB}.Debug|Any CPU.Build.0 = Debug|Any CPU
		{111B8B1C-4F40-4D8D-9D85-E42D332F44BB}.Debug|x64.ActiveCfg = Debug|Any CPU
		{111B8B1C-4F40-4D8D-9D85-E42D332F44BB}.Debug|x64.Build.0 = Debug|Any CPU
		{111B8B1C-4F40-4D8D-9D85-E42D332F44BB}.Debug|x86.ActiveCfg = Debug|Any CPU
		{111B8B1C-4F40-4D8D-9D85-E42D332F44BB}.Debug|x86.Build.0 = Debug|Any CPU
		{111B8B1C-4F40-4D8D-9D85-E42D332F44BB}.Release|Any CPU.ActiveCfg = Release|Any CPU
		{111B8B1C-4F40-4D8D-9D85-E42D332F44BB}.Release|Any CPU.Build.0 = Release|Any CPU
		{111B8B1C-4F40-4D8D-9D85-E42D332F44BB}.Release|x64.ActiveCfg = Release|Any CPU
		{111B8B1C-4F40-4D8D-9D85-E42D332F44BB}.Release|x64.Build.0 = Release|Any CPU
		{111B8B1C-4F40-4D8D-9D85-E42D332F44BB}.Release|x86.ActiveCfg = Release|Any CPU
		{111B8B1C-4F40-4D8D-9D85-E42D332F44BB}.Release|x86.Build.0 = Release|Any CPU
		{83088FC5-0737-44F2-BF4B-294E175A1B49}.Debug|Any CPU.ActiveCfg = Debug|Any CPU
		{83088FC5-0737-44F2-BF4B-294E175A1B49}.Debug|Any CPU.Build.0 = Debug|Any CPU
		{83088FC5-0737-44F2-BF4B-294E175A1B49}.Debug|x64.ActiveCfg = Debug|Any CPU
		{83088FC5-0737-44F2-BF4B-294E175A1B49}.Debug|x64.Build.0 = Debug|Any CPU
		{83088FC5-0737-44F2-BF4B-294E175A1B49}.Debug|x86.ActiveCfg = Debug|Any CPU
		{83088FC5-0737-44F2-BF4B-294E175A1B49}.Debug|x86.Build.0 = Debug|Any CPU
		{83088FC5-0737-44F2-BF4B-294E175A1B49}.Release|Any CPU.ActiveCfg = Release|Any CPU
		{83088FC5-0737-44F2-BF4B-294E175A1B49}.Release|Any CPU.Build.0 = Release|Any CPU
		{83088FC5-0737-44F2-BF4B-294E175A1B49}.Release|x64.ActiveCfg = Release|Any CPU
		{83088FC5-0737-44F2-BF4B-294E175A1B49}.Release|x64.Build.0 = Release|Any CPU
		{83088FC5-0737-44F2-BF4B-294E175A1B49}.Release|x86.ActiveCfg = Release|Any CPU
		{83088FC5-0737-44F2-BF4B-294E175A1B49}.Release|x86.Build.0 = Release|Any CPU
		{F99AB595-E76A-45BF-B7AC-D825DC36CAA3}.Debug|Any CPU.ActiveCfg = Debug|Any CPU
		{F99AB595-E76A-45BF-B7AC-D825DC36CAA3}.Debug|Any CPU.Build.0 = Debug|Any CPU
		{F99AB595-E76A-45BF-B7AC-D825DC36CAA3}.Debug|x64.ActiveCfg = Debug|Any CPU
		{F99AB595-E76A-45BF-B7AC-D825DC36CAA3}.Debug|x64.Build.0 = Debug|Any CPU
		{F99AB595-E76A-45BF-B7AC-D825DC36CAA3}.Debug|x86.ActiveCfg = Debug|Any CPU
		{F99AB595-E76A-45BF-B7AC-D825DC36CAA3}.Debug|x86.Build.0 = Debug|Any CPU
		{F99AB595-E76A-45BF-B7AC-D825DC36CAA3}.Release|Any CPU.ActiveCfg = Release|Any CPU
		{F99AB595-E76A-45BF-B7AC-D825DC36CAA3}.Release|Any CPU.Build.0 = Release|Any CPU
		{F99AB595-E76A-45BF-B7AC-D825DC36CAA3}.Release|x64.ActiveCfg = Release|Any CPU
		{F99AB595-E76A-45BF-B7AC-D825DC36CAA3}.Release|x64.Build.0 = Release|Any CPU
		{F99AB595-E76A-45BF-B7AC-D825DC36CAA3}.Release|x86.ActiveCfg = Release|Any CPU
		{F99AB595-E76A-45BF-B7AC-D825DC36CAA3}.Release|x86.Build.0 = Release|Any CPU
		{45CA1A57-8BAF-4E63-BA17-04ECF2DB44FE}.Debug|Any CPU.ActiveCfg = Debug|Any CPU
		{45CA1A57-8BAF-4E63-BA17-04ECF2DB44FE}.Debug|Any CPU.Build.0 = Debug|Any CPU
		{45CA1A57-8BAF-4E63-BA17-04ECF2DB44FE}.Debug|x64.ActiveCfg = Debug|Any CPU
		{45CA1A57-8BAF-4E63-BA17-04ECF2DB44FE}.Debug|x64.Build.0 = Debug|Any CPU
		{45CA1A57-8BAF-4E63-BA17-04ECF2DB44FE}.Debug|x86.ActiveCfg = Debug|Any CPU
		{45CA1A57-8BAF-4E63-BA17-04ECF2DB44FE}.Debug|x86.Build.0 = Debug|Any CPU
		{45CA1A57-8BAF-4E63-BA17-04ECF2DB44FE}.Release|Any CPU.ActiveCfg = Release|Any CPU
		{45CA1A57-8BAF-4E63-BA17-04ECF2DB44FE}.Release|Any CPU.Build.0 = Release|Any CPU
		{45CA1A57-8BAF-4E63-BA17-04ECF2DB44FE}.Release|x64.ActiveCfg = Release|Any CPU
		{45CA1A57-8BAF-4E63-BA17-04ECF2DB44FE}.Release|x64.Build.0 = Release|Any CPU
		{45CA1A57-8BAF-4E63-BA17-04ECF2DB44FE}.Release|x86.ActiveCfg = Release|Any CPU
		{45CA1A57-8BAF-4E63-BA17-04ECF2DB44FE}.Release|x86.Build.0 = Release|Any CPU
		{F10D294F-E4E1-495C-A87A-F38CE4C3CB0E}.Debug|Any CPU.ActiveCfg = Debug|Any CPU
		{F10D294F-E4E1-495C-A87A-F38CE4C3CB0E}.Debug|Any CPU.Build.0 = Debug|Any CPU
		{F10D294F-E4E1-495C-A87A-F38CE4C3CB0E}.Debug|x64.ActiveCfg = Debug|Any CPU
		{F10D294F-E4E1-495C-A87A-F38CE4C3CB0E}.Debug|x64.Build.0 = Debug|Any CPU
		{F10D294F-E4E1-495C-A87A-F38CE4C3CB0E}.Debug|x86.ActiveCfg = Debug|Any CPU
		{F10D294F-E4E1-495C-A87A-F38CE4C3CB0E}.Debug|x86.Build.0 = Debug|Any CPU
		{F10D294F-E4E1-495C-A87A-F38CE4C3CB0E}.Release|Any CPU.ActiveCfg = Release|Any CPU
		{F10D294F-E4E1-495C-A87A-F38CE4C3CB0E}.Release|Any CPU.Build.0 = Release|Any CPU
		{F10D294F-E4E1-495C-A87A-F38CE4C3CB0E}.Release|x64.ActiveCfg = Release|Any CPU
		{F10D294F-E4E1-495C-A87A-F38CE4C3CB0E}.Release|x64.Build.0 = Release|Any CPU
		{F10D294F-E4E1-495C-A87A-F38CE4C3CB0E}.Release|x86.ActiveCfg = Release|Any CPU
		{F10D294F-E4E1-495C-A87A-F38CE4C3CB0E}.Release|x86.Build.0 = Release|Any CPU
		{86751CEF-BA23-4A97-85B9-C4FA6A7152F7}.Debug|Any CPU.ActiveCfg = Debug|Any CPU
		{86751CEF-BA23-4A97-85B9-C4FA6A7152F7}.Debug|Any CPU.Build.0 = Debug|Any CPU
		{86751CEF-BA23-4A97-85B9-C4FA6A7152F7}.Debug|x64.ActiveCfg = Debug|Any CPU
		{86751CEF-BA23-4A97-85B9-C4FA6A7152F7}.Debug|x64.Build.0 = Debug|Any CPU
		{86751CEF-BA23-4A97-85B9-C4FA6A7152F7}.Debug|x86.ActiveCfg = Debug|Any CPU
		{86751CEF-BA23-4A97-85B9-C4FA6A7152F7}.Debug|x86.Build.0 = Debug|Any CPU
		{86751CEF-BA23-4A97-85B9-C4FA6A7152F7}.Release|Any CPU.ActiveCfg = Release|Any CPU
		{86751CEF-BA23-4A97-85B9-C4FA6A7152F7}.Release|Any CPU.Build.0 = Release|Any CPU
		{86751CEF-BA23-4A97-85B9-C4FA6A7152F7}.Release|x64.ActiveCfg = Release|Any CPU
		{86751CEF-BA23-4A97-85B9-C4FA6A7152F7}.Release|x64.Build.0 = Release|Any CPU
		{86751CEF-BA23-4A97-85B9-C4FA6A7152F7}.Release|x86.ActiveCfg = Release|Any CPU
		{86751CEF-BA23-4A97-85B9-C4FA6A7152F7}.Release|x86.Build.0 = Release|Any CPU
		{BD104F5E-6A08-42B6-B29C-6029467AA00E}.Debug|Any CPU.ActiveCfg = Debug|Any CPU
		{BD104F5E-6A08-42B6-B29C-6029467AA00E}.Debug|Any CPU.Build.0 = Debug|Any CPU
		{BD104F5E-6A08-42B6-B29C-6029467AA00E}.Debug|x64.ActiveCfg = Debug|Any CPU
		{BD104F5E-6A08-42B6-B29C-6029467AA00E}.Debug|x64.Build.0 = Debug|Any CPU
		{BD104F5E-6A08-42B6-B29C-6029467AA00E}.Debug|x86.ActiveCfg = Debug|Any CPU
		{BD104F5E-6A08-42B6-B29C-6029467AA00E}.Debug|x86.Build.0 = Debug|Any CPU
		{BD104F5E-6A08-42B6-B29C-6029467AA00E}.Release|Any CPU.ActiveCfg = Release|Any CPU
		{BD104F5E-6A08-42B6-B29C-6029467AA00E}.Release|Any CPU.Build.0 = Release|Any CPU
		{BD104F5E-6A08-42B6-B29C-6029467AA00E}.Release|x64.ActiveCfg = Release|Any CPU
		{BD104F5E-6A08-42B6-B29C-6029467AA00E}.Release|x64.Build.0 = Release|Any CPU
		{BD104F5E-6A08-42B6-B29C-6029467AA00E}.Release|x86.ActiveCfg = Release|Any CPU
		{BD104F5E-6A08-42B6-B29C-6029467AA00E}.Release|x86.Build.0 = Release|Any CPU
		{5E046B42-1529-4C9B-87C1-6488C548E2DC}.Debug|Any CPU.ActiveCfg = Debug|Any CPU
		{5E046B42-1529-4C9B-87C1-6488C548E2DC}.Debug|Any CPU.Build.0 = Debug|Any CPU
		{5E046B42-1529-4C9B-87C1-6488C548E2DC}.Debug|x64.ActiveCfg = Debug|Any CPU
		{5E046B42-1529-4C9B-87C1-6488C548E2DC}.Debug|x64.Build.0 = Debug|Any CPU
		{5E046B42-1529-4C9B-87C1-6488C548E2DC}.Debug|x86.ActiveCfg = Debug|Any CPU
		{5E046B42-1529-4C9B-87C1-6488C548E2DC}.Debug|x86.Build.0 = Debug|Any CPU
		{5E046B42-1529-4C9B-87C1-6488C548E2DC}.Release|Any CPU.ActiveCfg = Release|Any CPU
		{5E046B42-1529-4C9B-87C1-6488C548E2DC}.Release|Any CPU.Build.0 = Release|Any CPU
		{5E046B42-1529-4C9B-87C1-6488C548E2DC}.Release|x64.ActiveCfg = Release|Any CPU
		{5E046B42-1529-4C9B-87C1-6488C548E2DC}.Release|x64.Build.0 = Release|Any CPU
		{5E046B42-1529-4C9B-87C1-6488C548E2DC}.Release|x86.ActiveCfg = Release|Any CPU
		{5E046B42-1529-4C9B-87C1-6488C548E2DC}.Release|x86.Build.0 = Release|Any CPU
		{23C04FB1-FA91-4D60-B99E-2A990876F696}.Debug|Any CPU.ActiveCfg = Debug|Any CPU
		{23C04FB1-FA91-4D60-B99E-2A990876F696}.Debug|Any CPU.Build.0 = Debug|Any CPU
		{23C04FB1-FA91-4D60-B99E-2A990876F696}.Debug|x64.ActiveCfg = Debug|Any CPU
		{23C04FB1-FA91-4D60-B99E-2A990876F696}.Debug|x64.Build.0 = Debug|Any CPU
		{23C04FB1-FA91-4D60-B99E-2A990876F696}.Debug|x86.ActiveCfg = Debug|Any CPU
		{23C04FB1-FA91-4D60-B99E-2A990876F696}.Debug|x86.Build.0 = Debug|Any CPU
		{23C04FB1-FA91-4D60-B99E-2A990876F696}.Release|Any CPU.ActiveCfg = Release|Any CPU
		{23C04FB1-FA91-4D60-B99E-2A990876F696}.Release|Any CPU.Build.0 = Release|Any CPU
		{23C04FB1-FA91-4D60-B99E-2A990876F696}.Release|x64.ActiveCfg = Release|Any CPU
		{23C04FB1-FA91-4D60-B99E-2A990876F696}.Release|x64.Build.0 = Release|Any CPU
		{23C04FB1-FA91-4D60-B99E-2A990876F696}.Release|x86.ActiveCfg = Release|Any CPU
		{23C04FB1-FA91-4D60-B99E-2A990876F696}.Release|x86.Build.0 = Release|Any CPU
		{B2C3D4E5-F6A7-8901-BCDE-F12345678901}.Debug|Any CPU.ActiveCfg = Debug|Any CPU
		{B2C3D4E5-F6A7-8901-BCDE-F12345678901}.Debug|Any CPU.Build.0 = Debug|Any CPU
		{B2C3D4E5-F6A7-8901-BCDE-F12345678901}.Debug|x64.ActiveCfg = Debug|Any CPU
		{B2C3D4E5-F6A7-8901-BCDE-F12345678901}.Debug|x64.Build.0 = Debug|Any CPU
		{B2C3D4E5-F6A7-8901-BCDE-F12345678901}.Debug|x86.ActiveCfg = Debug|Any CPU
		{B2C3D4E5-F6A7-8901-BCDE-F12345678901}.Debug|x86.Build.0 = Debug|Any CPU
		{B2C3D4E5-F6A7-8901-BCDE-F12345678901}.Release|Any CPU.ActiveCfg = Release|Any CPU
		{B2C3D4E5-F6A7-8901-BCDE-F12345678901}.Release|Any CPU.Build.0 = Release|Any CPU
		{B2C3D4E5-F6A7-8901-BCDE-F12345678901}.Release|x64.ActiveCfg = Release|Any CPU
		{B2C3D4E5-F6A7-8901-BCDE-F12345678901}.Release|x64.Build.0 = Release|Any CPU
		{B2C3D4E5-F6A7-8901-BCDE-F12345678901}.Release|x86.ActiveCfg = Release|Any CPU
		{B2C3D4E5-F6A7-8901-BCDE-F12345678901}.Release|x86.Build.0 = Release|Any CPU
		{37EDE732-4D91-4256-B10D-FD89C45F51BC}.Debug|Any CPU.ActiveCfg = Debug|Any CPU
		{37EDE732-4D91-4256-B10D-FD89C45F51BC}.Debug|Any CPU.Build.0 = Debug|Any CPU
		{37EDE732-4D91-4256-B10D-FD89C45F51BC}.Debug|x64.ActiveCfg = Debug|Any CPU
		{37EDE732-4D91-4256-B10D-FD89C45F51BC}.Debug|x64.Build.0 = Debug|Any CPU
		{37EDE732-4D91-4256-B10D-FD89C45F51BC}.Debug|x86.ActiveCfg = Debug|Any CPU
		{37EDE732-4D91-4256-B10D-FD89C45F51BC}.Debug|x86.Build.0 = Debug|Any CPU
		{37EDE732-4D91-4256-B10D-FD89C45F51BC}.Release|Any CPU.ActiveCfg = Release|Any CPU
		{37EDE732-4D91-4256-B10D-FD89C45F51BC}.Release|Any CPU.Build.0 = Release|Any CPU
		{37EDE732-4D91-4256-B10D-FD89C45F51BC}.Release|x64.ActiveCfg = Release|Any CPU
		{37EDE732-4D91-4256-B10D-FD89C45F51BC}.Release|x64.Build.0 = Release|Any CPU
		{37EDE732-4D91-4256-B10D-FD89C45F51BC}.Release|x86.ActiveCfg = Release|Any CPU
		{37EDE732-4D91-4256-B10D-FD89C45F51BC}.Release|x86.Build.0 = Release|Any CPU
	EndGlobalSection
	GlobalSection(SolutionProperties) = preSolution
		HideSolutionNode = FALSE
	EndGlobalSection
	GlobalSection(NestedProjects) = preSolution
		{45CA1A57-8BAF-4E63-BA17-04ECF2DB44FE} = {35B05629-FE2A-4962-A1AC-B8C863E50C82}
		{F10D294F-E4E1-495C-A87A-F38CE4C3CB0E} = {35B05629-FE2A-4962-A1AC-B8C863E50C82}
		{86751CEF-BA23-4A97-85B9-C4FA6A7152F7} = {373E20A2-713F-382D-A1E8-5C956ABCE3C1}
		{BD104F5E-6A08-42B6-B29C-6029467AA00E} = {373E20A2-713F-382D-A1E8-5C956ABCE3C1}
		{5E046B42-1529-4C9B-87C1-6488C548E2DC} = {A1B2C3D4-E5F6-7890-ABCD-EF1234567890}
		{23C04FB1-FA91-4D60-B99E-2A990876F696} = {A1B2C3D4-E5F6-7890-ABCD-EF1234567890}
		{B2C3D4E5-F6A7-8901-BCDE-F12345678901} = {A1B2C3D4-E5F6-7890-ABCD-EF1234567890}
		{37EDE732-4D91-4256-B10D-FD89C45F51BC} = {A1B2C3D4-E5F6-7890-ABCD-EF1234567890}
	EndGlobalSection
EndGlobal
